{
  "requires": true,
  "lockfileVersion": 1,
  "dependencies": {
    "fullpage.js": {
      "version": "2.9.7",
      "resolved": "http://registry.npm.taobao.org/fullpage.js/download/fullpage.js-2.9.7.tgz",
      "integrity": "sha1-Zbg4p2qcxFnmR002ulT9GKulLz0=",
      "requires": {
        "jquery": ">=1.6.0"
      }
    },
    "jquery": {
      "version": "3.3.1",
      "resolved": "http://registry.npm.taobao.org/jquery/download/jquery-3.3.1.tgz",
      "integrity": "sha1-lYzinoHJeQ8xvneS311NlfxX+8o="
    }
  }
}
